
Microsoft Visual Studio Solution File, Format Version 12.00
# Visual Studio Version 16
VisualStudioVersion = 16.0.31105.61
MinimumVisualStudioVersion = 10.0.40219.1
Project("{9A19103F-16F7-4668-BE54-9A1E7A4F7556}") = "KampIntro", "KampIntro\KampIntro.csproj", "{BEB5C969-0B81-4BAB-AB9C-F6218DBAE2FC}"
EndProject
Project("{9A19103F-16F7-4668-BE54-9A1E7A4F7556}") = "Donguler", "Donguler\Donguler.csproj", "{1B58EC5E-A756-4AE8-9580-E0FC58071F39}"
EndProject
Project("{9A19103F-16F7-4668-BE54-9A1E7A4F7556}") = "ClassIntro", "ClassIntro\ClassIntro.csproj", "{41E6F2F6-BD7D-4B50-A891-0A06D78DB29B}"
EndProject
Project("{9A19103F-16F7-4668-BE54-9A1E7A4F7556}") = "Metotlar", "Metotlar\Metotlar.csproj", "{4477C9FC-C6E1-4DB1-AEFA-47182FC2EED7}"
EndProject
Project("{9A19103F-16F7-4668-BE54-9A1E7A4F7556}") = "Matematik", "Matematik\Matematik.csproj", "{707D3061-07E5-4306-8754-5B1ADBDE5F18}"
EndProject
Project("{9A19103F-16F7-4668-BE54-9A1E7A4F7556}") = "DegerVeReferansTipler", "DegerVeReferansTipler\DegerVeReferansTipler.csproj", "{B9A4F759-C9CA-4DD1-BFC7-C859F3182FFB}"
EndProject
Project("{FAE04EC0-301F-11D3-BF4B-00C04F79EFBC}") = "OOP1", "OOP1\OOP1.csproj", "{2EE72559-3236-4DDA-8080-88A529FF8127}"
EndProject
Project("{FAE04EC0-301F-11D3-BF4B-00C04F79EFBC}") = "Koleksiyonlar", "Koleksiyonlar\Koleksiyonlar.csproj", "{F173B9EF-5900-4230-87E4-615886695C6A}"
EndProject
Project("{FAE04EC0-301F-11D3-BF4B-00C04F79EFBC}") = "GenericsIntro", "GenericsIntro\GenericsIntro.csproj", "{1A7D6000-32A9-48FD-810D-0B58525D4CB5}"
EndProject
Global
	GlobalSection(SolutionConfigurationPlatforms) = preSolution
		Debug|Any CPU = Debug|Any CPU
		Release|Any CPU = Release|Any CPU
	EndGlobalSection
	GlobalSection(ProjectConfigurationPlatforms) = postSolution
		{BEB5C969-0B81-4BAB-AB9C-F6218DBAE2FC}.Debug|Any CPU.ActiveCfg = Debug|Any CPU
		{BEB5C969-0B81-4BAB-AB9C-F6218DBAE2FC}.Debug|Any CPU.Build.0 = Debug|Any CPU
		{BEB5C969-0B81-4BAB-AB9C-F6218DBAE2FC}.Release|Any CPU.ActiveCfg = Release|Any CPU
		{BEB5C969-0B81-4BAB-AB9C-F6218DBAE2FC}.Release|Any CPU.Build.0 = Release|Any CPU
		{1B58EC5E-A756-4AE8-9580-E0FC58071F39}.Debug|Any CPU.ActiveCfg = Debug|Any CPU
		{1B58EC5E-A756-4AE8-9580-E0FC58071F39}.Debug|Any CPU.Build.0 = Debug|Any CPU
		{1B58EC5E-A756-4AE8-9580-E0FC58071F39}.Release|Any CPU.ActiveCfg = Release|Any CPU
		{1B58EC5E-A756-4AE8-9580-E0FC58071F39}.Release|Any CPU.Build.0 = Release|Any CPU
		{41E6F2F6-BD7D-4B50-A891-0A06D78DB29B}.Debug|Any CPU.ActiveCfg = Debug|Any CPU
		{41E6F2F6-BD7D-4B50-A891-0A06D78DB29B}.Debug|Any CPU.Build.0 = Debug|Any CPU
		{41E6F2F6-BD7D-4B50-A891-0A06D78DB29B}.Release|Any CPU.ActiveCfg = Release|Any CPU
		{41E6F2F6-BD7D-4B50-A891-0A06D78DB29B}.Release|Any CPU.Build.0 = Release|Any CPU
		{4477C9FC-C6E1-4DB1-AEFA-47182FC2EED7}.Debug|Any CPU.ActiveCfg = Debug|Any CPU
		{4477C9FC-C6E1-4DB1-AEFA-47182FC2EED7}.Debug|Any CPU.Build.0 = Debug|Any CPU
		{4477C9FC-C6E1-4DB1-AEFA-47182FC2EED7}.Release|Any CPU.ActiveCfg = Release|Any CPU
		{4477C9FC-C6E1-4DB1-AEFA-47182FC2EED7}.Release|Any CPU.Build.0 = Release|Any CPU
		{707D3061-07E5-4306-8754-5B1ADBDE5F18}.Debug|Any CPU.ActiveCfg = Debug|Any CPU
		{707D3061-07E5-4306-8754-5B1ADBDE5F18}.Debug|Any CPU.Build.0 = Debug|Any CPU
		{707D3061-07E5-4306-8754-5B1ADBDE5F18}.Release|Any CPU.ActiveCfg = Release|Any CPU
		{707D3061-07E5-4306-8754-5B1ADBDE5F18}.Release|Any CPU.Build.0 = Release|Any CPU
		{B9A4F759-C9CA-4DD1-BFC7-C859F3182FFB}.Debug|Any CPU.ActiveCfg = Debug|Any CPU
		{B9A4F759-C9CA-4DD1-BFC7-C859F3182FFB}.Debug|Any CPU.Build.0 = Debug|Any CPU
		{B9A4F759-C9CA-4DD1-BFC7-C859F3182FFB}.Release|Any CPU.ActiveCfg = Release|Any CPU
		{B9A4F759-C9CA-4DD1-BFC7-C859F3182FFB}.Release|Any CPU.Build.0 = Release|Any CPU
		{2EE72559-3236-4DDA-8080-88A529FF8127}.Debug|Any CPU.ActiveCfg = Debug|Any CPU
		{2EE72559-3236-4DDA-8080-88A529FF8127}.Debug|Any CPU.Build.0 = Debug|Any CPU
		{2EE72559-3236-4DDA-8080-88A529FF8127}.Release|Any CPU.ActiveCfg = Release|Any CPU
		{2EE72559-3236-4DDA-8080-88A529FF8127}.Release|Any CPU.Build.0 = Release|Any CPU
		{F173B9EF-5900-4230-87E4-615886695C6A}.Debug|Any CPU.ActiveCfg = Debug|Any CPU
		{F173B9EF-5900-4230-87E4-615886695C6A}.Debug|Any CPU.Build.0 = Debug|Any CPU
		{F173B9EF-5900-4230-87E4-615886695C6A}.Release|Any CPU.ActiveCfg = Release|Any CPU
		{F173B9EF-5900-4230-87E4-615886695C6A}.Release|Any CPU.Build.0 = Release|Any CPU
		{1A7D6000-32A9-48FD-810D-0B58525D4CB5}.Debug|Any CPU.ActiveCfg = Debug|Any CPU
		{1A7D6000-32A9-48FD-810D-0B58525D4CB5}.Debug|Any CPU.Build.0 = Debug|Any CPU
		{1A7D6000-32A9-48FD-810D-0B58525D4CB5}.Release|Any CPU.ActiveCfg = Release|Any CPU
		{1A7D6000-32A9-48FD-810D-0B58525D4CB5}.Release|Any CPU.Build.0 = Release|Any CPU
	EndGlobalSection
	GlobalSection(SolutionProperties) = preSolution
		HideSolutionNode = FALSE
	EndGlobalSection
	GlobalSection(ExtensibilityGlobals) = postSolution
		SolutionGuid = {D5A16470-F63B-48BB-A197-51920D80C43A}
	EndGlobalSection
EndGlobal
